# This file is automatically @generated by Poetry 1.5.4 and should not be changed by hand.

[[package]]
name = "bullet"
version = "2.2.0"
description = "Beautiful Python prompts made simple."
optional = false
python-versions = "*"
files = [
    {file = "bullet-2.2.0-py3-none-any.whl", hash = "sha256:d22528deb914ce3ff20a4a000fa5ba37179697f384a0748f90691de8a74cf006"},
    {file = "bullet-2.2.0.tar.gz", hash = "sha256:dfa0fa81810ad1a9e688815ca04f24af87ff5cdbe803b42fa634b1f50fc9d887"},
]

[metadata]
lock-version = "2.0"
python-versions = ">=3.8.0,<3.9"
content-hash = "eb2b8ef246ad1fb1213107079fe1b91ecae20e192e3bc97d4d4c93bd8cefa66f"
